# Generated by buf. DO NOT EDIT.
version: v1
deps:
  - remote: buf.build
    owner: envoyproxy
    repository: protoc-gen-validate
    commit: 45685e052c7e406b9fbd441fc7a568a5
  - remote: buf.build
    owner: scalapb
    repository: scalapb
    commit: 4b8e0968b1ea452983e157014defba1a
  - remote: buf.build
    owner: scalapb
    repository: scalapb-validate
    commit: 0e9f937482594692842b553afa3e1b21
